
Microsoft Visual Studio Solution File, Format Version 12.00
# Visual Studio Version 17
VisualStudioVersion = 17.9.34728.123
MinimumVisualStudioVersion = 10.0.40219.1
Project("{2150E333-8FDC-42A3-9474-1A3956D46DE8}") = "Services", "Services", "{FE1B5E13-B620-49FB-9E3D-2AA2D6CC8042}"
EndProject
Project("{2150E333-8FDC-42A3-9474-1A3956D46DE8}") = "Catalog", "Catalog", "{62B4C653-B610-4A2C-8407-3F42AC95C32B}"
EndProject
Project("{9A19103F-16F7-4668-BE54-9A1E7A4F7556}") = "Catalog.API", "Services\Catalog\Catalog.API\Catalog.API.csproj", "{85D31BA4-9E79-4BFD-9611-94DEB6271C24}"
EndProject
Project("{2150E333-8FDC-42A3-9474-1A3956D46DE8}") = "BuildingBlocks", "BuildingBlocks", "{35A9C7D6-575E-44A9-8FE7-92287B668687}"
EndProject
Project("{9A19103F-16F7-4668-BE54-9A1E7A4F7556}") = "BuildingBlocks", "BuildingBlocks\BuildingBlocks\BuildingBlocks.csproj", "{3DD8D795-16D7-4B83-994C-5A48B706D139}"
EndProject
Project("{E53339B2-1760-4266-BCC7-CA923CBCF16C}") = "docker-compose", "docker-compose.dcproj", "{A24BD37B-5C73-4A0E-88A0-280C4D62886A}"
EndProject
Project("{2150E333-8FDC-42A3-9474-1A3956D46DE8}") = "Basket", "Basket", "{BA27E3E0-3253-4196-8762-3201FF73D3CA}"
EndProject
Project("{9A19103F-16F7-4668-BE54-9A1E7A4F7556}") = "Basket.API", "Services\Basket\Basket.API\Basket.API.csproj", "{D28C0DC9-862C-4FEB-84F8-1FB240B5AE49}"
EndProject
Project("{2150E333-8FDC-42A3-9474-1A3956D46DE8}") = "Discount", "Discount", "{2D2E99DF-B042-4641-8F24-141AADCD4716}"
EndProject
Project("{9A19103F-16F7-4668-BE54-9A1E7A4F7556}") = "Discount.Grpc", "Services\Discount\Discount.Grpc\Discount.Grpc.csproj", "{2793A75F-85FA-479D-8FB2-B1B92A92B0ED}"
EndProject
Project("{2150E333-8FDC-42A3-9474-1A3956D46DE8}") = "Ordering", "Ordering", "{059985B7-564F-4115-97F6-D91AF864F4F4}"
EndProject
Project("{9A19103F-16F7-4668-BE54-9A1E7A4F7556}") = "Ordering.API", "Services\Ordering\Ordering.API\Ordering.API.csproj", "{02349D63-646C-416F-B158-F9546E2CAAF2}"
EndProject
Project("{9A19103F-16F7-4668-BE54-9A1E7A4F7556}") = "Ordering.Domain", "Services\Ordering\Ordering.Domain\Ordering.Domain.csproj", "{B2C76165-1E36-4DD7-B6D0-ECE9191EBC08}"
EndProject
Project("{9A19103F-16F7-4668-BE54-9A1E7A4F7556}") = "Ordering.Application", "Services\Ordering\Ordering.Application\Ordering.Application.csproj", "{20344113-A1AD-4D47-958A-F2176AD0CF4E}"
EndProject
Project("{9A19103F-16F7-4668-BE54-9A1E7A4F7556}") = "Ordering.Infrastructure", "Services\Ordering\Ordering.Infrastructure\Ordering.Infrastructure.csproj", "{E5CA857A-F742-4EB6-94E4-172D8DCF2A54}"
EndProject
Project("{FAE04EC0-301F-11D3-BF4B-00C04F79EFBC}") = "BuildingBlocks.Messaging", "BuildingBlocks\BuildingBlocks.Messaging\BuildingBlocks.Messaging.csproj", "{97190E32-4D3F-4263-AD2D-34A53B1230FB}"
EndProject
Project("{2150E333-8FDC-42A3-9474-1A3956D46DE8}") = "ApiGateways", "ApiGateways", "{02EA681E-C7D8-13C7-8484-4AC65E1B71E8}"
EndProject
Project("{FAE04EC0-301F-11D3-BF4B-00C04F79EFBC}") = "YarpApiGateway", "ApiGateways\YarpApiGateway\YarpApiGateway.csproj", "{3B57905D-6280-4373-8B00-DE22A329A51A}"
EndProject
Global
	GlobalSection(SolutionConfigurationPlatforms) = preSolution
		Debug|Any CPU = Debug|Any CPU
		Release|Any CPU = Release|Any CPU
	EndGlobalSection
	GlobalSection(ProjectConfigurationPlatforms) = postSolution
		{85D31BA4-9E79-4BFD-9611-94DEB6271C24}.Debug|Any CPU.ActiveCfg = Debug|Any CPU
		{85D31BA4-9E79-4BFD-9611-94DEB6271C24}.Debug|Any CPU.Build.0 = Debug|Any CPU
		{85D31BA4-9E79-4BFD-9611-94DEB6271C24}.Release|Any CPU.ActiveCfg = Release|Any CPU
		{85D31BA4-9E79-4BFD-9611-94DEB6271C24}.Release|Any CPU.Build.0 = Release|Any CPU
		{3DD8D795-16D7-4B83-994C-5A48B706D139}.Debug|Any CPU.ActiveCfg = Debug|Any CPU
		{3DD8D795-16D7-4B83-994C-5A48B706D139}.Debug|Any CPU.Build.0 = Debug|Any CPU
		{3DD8D795-16D7-4B83-994C-5A48B706D139}.Release|Any CPU.ActiveCfg = Release|Any CPU
		{3DD8D795-16D7-4B83-994C-5A48B706D139}.Release|Any CPU.Build.0 = Release|Any CPU
		{A24BD37B-5C73-4A0E-88A0-280C4D62886A}.Debug|Any CPU.ActiveCfg = Debug|Any CPU
		{A24BD37B-5C73-4A0E-88A0-280C4D62886A}.Debug|Any CPU.Build.0 = Debug|Any CPU
		{A24BD37B-5C73-4A0E-88A0-280C4D62886A}.Release|Any CPU.ActiveCfg = Release|Any CPU
		{A24BD37B-5C73-4A0E-88A0-280C4D62886A}.Release|Any CPU.Build.0 = Release|Any CPU
		{D28C0DC9-862C-4FEB-84F8-1FB240B5AE49}.Debug|Any CPU.ActiveCfg = Debug|Any CPU
		{D28C0DC9-862C-4FEB-84F8-1FB240B5AE49}.Debug|Any CPU.Build.0 = Debug|Any CPU
		{D28C0DC9-862C-4FEB-84F8-1FB240B5AE49}.Release|Any CPU.ActiveCfg = Release|Any CPU
		{D28C0DC9-862C-4FEB-84F8-1FB240B5AE49}.Release|Any CPU.Build.0 = Release|Any CPU
		{2793A75F-85FA-479D-8FB2-B1B92A92B0ED}.Debug|Any CPU.ActiveCfg = Debug|Any CPU
		{2793A75F-85FA-479D-8FB2-B1B92A92B0ED}.Debug|Any CPU.Build.0 = Debug|Any CPU
		{2793A75F-85FA-479D-8FB2-B1B92A92B0ED}.Release|Any CPU.ActiveCfg = Release|Any CPU
		{2793A75F-85FA-479D-8FB2-B1B92A92B0ED}.Release|Any CPU.Build.0 = Release|Any CPU
		{02349D63-646C-416F-B158-F9546E2CAAF2}.Debug|Any CPU.ActiveCfg = Debug|Any CPU
		{02349D63-646C-416F-B158-F9546E2CAAF2}.Debug|Any CPU.Build.0 = Debug|Any CPU
		{02349D63-646C-416F-B158-F9546E2CAAF2}.Release|Any CPU.ActiveCfg = Release|Any CPU
		{02349D63-646C-416F-B158-F9546E2CAAF2}.Release|Any CPU.Build.0 = Release|Any CPU
		{B2C76165-1E36-4DD7-B6D0-ECE9191EBC08}.Debug|Any CPU.ActiveCfg = Debug|Any CPU
		{B2C76165-1E36-4DD7-B6D0-ECE9191EBC08}.Debug|Any CPU.Build.0 = Debug|Any CPU
		{B2C76165-1E36-4DD7-B6D0-ECE9191EBC08}.Release|Any CPU.ActiveCfg = Release|Any CPU
		{B2C76165-1E36-4DD7-B6D0-ECE9191EBC08}.Release|Any CPU.Build.0 = Release|Any CPU
		{20344113-A1AD-4D47-958A-F2176AD0CF4E}.Debug|Any CPU.ActiveCfg = Debug|Any CPU
		{20344113-A1AD-4D47-958A-F2176AD0CF4E}.Debug|Any CPU.Build.0 = Debug|Any CPU
		{20344113-A1AD-4D47-958A-F2176AD0CF4E}.Release|Any CPU.ActiveCfg = Release|Any CPU
		{20344113-A1AD-4D47-958A-F2176AD0CF4E}.Release|Any CPU.Build.0 = Release|Any CPU
		{E5CA857A-F742-4EB6-94E4-172D8DCF2A54}.Debug|Any CPU.ActiveCfg = Debug|Any CPU
		{E5CA857A-F742-4EB6-94E4-172D8DCF2A54}.Debug|Any CPU.Build.0 = Debug|Any CPU
		{E5CA857A-F742-4EB6-94E4-172D8DCF2A54}.Release|Any CPU.ActiveCfg = Release|Any CPU
		{E5CA857A-F742-4EB6-94E4-172D8DCF2A54}.Release|Any CPU.Build.0 = Release|Any CPU
		{97190E32-4D3F-4263-AD2D-34A53B1230FB}.Debug|Any CPU.ActiveCfg = Debug|Any CPU
		{97190E32-4D3F-4263-AD2D-34A53B1230FB}.Debug|Any CPU.Build.0 = Debug|Any CPU
		{97190E32-4D3F-4263-AD2D-34A53B1230FB}.Release|Any CPU.ActiveCfg = Release|Any CPU
		{97190E32-4D3F-4263-AD2D-34A53B1230FB}.Release|Any CPU.Build.0 = Release|Any CPU
		{3B57905D-6280-4373-8B00-DE22A329A51A}.Debug|Any CPU.ActiveCfg = Debug|Any CPU
		{3B57905D-6280-4373-8B00-DE22A329A51A}.Debug|Any CPU.Build.0 = Debug|Any CPU
		{3B57905D-6280-4373-8B00-DE22A329A51A}.Release|Any CPU.ActiveCfg = Release|Any CPU
		{3B57905D-6280-4373-8B00-DE22A329A51A}.Release|Any CPU.Build.0 = Release|Any CPU
	EndGlobalSection
	GlobalSection(SolutionProperties) = preSolution
		HideSolutionNode = FALSE
	EndGlobalSection
	GlobalSection(NestedProjects) = preSolution
		{62B4C653-B610-4A2C-8407-3F42AC95C32B} = {FE1B5E13-B620-49FB-9E3D-2AA2D6CC8042}
		{85D31BA4-9E79-4BFD-9611-94DEB6271C24} = {62B4C653-B610-4A2C-8407-3F42AC95C32B}
		{3DD8D795-16D7-4B83-994C-5A48B706D139} = {35A9C7D6-575E-44A9-8FE7-92287B668687}
		{BA27E3E0-3253-4196-8762-3201FF73D3CA} = {FE1B5E13-B620-49FB-9E3D-2AA2D6CC8042}
		{D28C0DC9-862C-4FEB-84F8-1FB240B5AE49} = {BA27E3E0-3253-4196-8762-3201FF73D3CA}
		{2D2E99DF-B042-4641-8F24-141AADCD4716} = {FE1B5E13-B620-49FB-9E3D-2AA2D6CC8042}
		{2793A75F-85FA-479D-8FB2-B1B92A92B0ED} = {2D2E99DF-B042-4641-8F24-141AADCD4716}
		{059985B7-564F-4115-97F6-D91AF864F4F4} = {FE1B5E13-B620-49FB-9E3D-2AA2D6CC8042}
		{02349D63-646C-416F-B158-F9546E2CAAF2} = {059985B7-564F-4115-97F6-D91AF864F4F4}
		{B2C76165-1E36-4DD7-B6D0-ECE9191EBC08} = {059985B7-564F-4115-97F6-D91AF864F4F4}
		{20344113-A1AD-4D47-958A-F2176AD0CF4E} = {059985B7-564F-4115-97F6-D91AF864F4F4}
		{E5CA857A-F742-4EB6-94E4-172D8DCF2A54} = {059985B7-564F-4115-97F6-D91AF864F4F4}
		{97190E32-4D3F-4263-AD2D-34A53B1230FB} = {35A9C7D6-575E-44A9-8FE7-92287B668687}
		{3B57905D-6280-4373-8B00-DE22A329A51A} = {02EA681E-C7D8-13C7-8484-4AC65E1B71E8}
	EndGlobalSection
	GlobalSection(ExtensibilityGlobals) = postSolution
		SolutionGuid = {91422AA4-AD52-44DA-91D7-FA06648E3F4A}
	EndGlobalSection
EndGlobal
